// !$*UTF8*$!
{
	archiveVersion = 1;
	classes = {
	};
	objectVersion = 55;
	objects = {

/* Begin PBXBuildFile section */
		7693997329C4538D00DF19EB /* WeatherApp2023App.swift in Sources */ = {isa = PBXBuildFile; fileRef = 7693997229C4538D00DF19EB /* WeatherApp2023App.swift */; };
		7693997529C4538D00DF19EB /* ContentView.swift in Sources */ = {isa = PBXBuildFile; fileRef = 7693997429C4538D00DF19EB /* ContentView.swift */; };
		7693997729C4539000DF19EB /* Assets.xcassets in Resources */ = {isa = PBXBuildFile; fileRef = 7693997629C4539000DF19EB /* Assets.xcassets */; };
		7693997A29C4539000DF19EB /* Preview Assets.xcassets in Resources */ = {isa = PBXBuildFile; fileRef = 7693997929C4539000DF19EB /* Preview Assets.xcassets */; };
		7693998429C4539100DF19EB /* WeatherApp2023Tests.swift in Sources */ = {isa = PBXBuildFile; fileRef = 7693998329C4539100DF19EB /* WeatherApp2023Tests.swift */; };
		7693998E29C4539100DF19EB /* WeatherApp2023UITests.swift in Sources */ = {isa = PBXBuildFile; fileRef = 7693998D29C4539100DF19EB /* WeatherApp2023UITests.swift */; };
		7693999029C4539100DF19EB /* WeatherApp2023UITestsLaunchTests.swift in Sources */ = {isa = PBXBuildFile; fileRef = 7693998F29C4539100DF19EB /* WeatherApp2023UITestsLaunchTests.swift */; };
/* End PBXBuildFile section */

/* Begin PBXContainerItemProxy section */
		7693998029C4539100DF19EB /* PBXContainerItemProxy */ = {
			isa = PBXContainerItemProxy;
			containerPortal = 7693996729C4538D00DF19EB /* Project object */;
			proxyType = 1;
			remoteGlobalIDString = 7693996E29C4538D00DF19EB;
			remoteInfo = WeatherApp2023;
		};
		7693998A29C4539100DF19EB /* PBXContainerItemProxy */ = {
			isa = PBXContainerItemProxy;
			containerPortal = 7693996729C4538D00DF19EB /* Project object */;
			proxyType = 1;
			remoteGlobalIDString = 7693996E29C4538D00DF19EB;
			remoteInfo = WeatherApp2023;
		};
/* End PBXContainerItemProxy section */

/* Begin PBXFileReference section */
		7693996F29C4538D00DF19EB /* WeatherApp2023.app */ = {isa = PBXFileReference; explicitFileType = wrapper.application; includeInIndex = 0; path = WeatherApp2023.app; sourceTree = BUILT_PRODUCTS_DIR; };
		7693997229C4538D00DF19EB /* WeatherApp2023App.swift */ = {isa = PBXFileReference; lastKnownFileType = sourcecode.swift; path = WeatherApp2023App.swift; sourceTree = "<group>"; };
		7693997429C4538D00DF19EB /* ContentView.swift */ = {isa = PBXFileReference; lastKnownFileType = sourcecode.swift; path = ContentView.swift; sourceTree = "<group>"; };
		7693997629C4539000DF19EB /* Assets.xcassets */ = {isa = PBXFileReference; lastKnownFileType = folder.assetcatalog; path = Assets.xcassets; sourceTree = "<group>"; };
		7693997929C4539000DF19EB /* Preview Assets.xcassets */ = {isa = PBXFileReference; lastKnownFileType = folder.assetcatalog; path = "Preview Assets.xcassets"; sourceTree = "<group>"; };
		7693997F29C4539100DF19EB /* WeatherApp2023Tests.xctest */ = {isa = PBXFileReference; explicitFileType = wrapper.cfbundle; includeInIndex = 0; path = WeatherApp2023Tests.xctest; sourceTree = BUILT_PRODUCTS_DIR; };
		7693998329C4539100DF19EB /* WeatherApp2023Tests.swift */ = {isa = PBXFileReference; lastKnownFileType = sourcecode.swift; path = WeatherApp2023Tests.swift; sourceTree = "<group>"; };
		7693998929C4539100DF19EB /* WeatherApp2023UITests.xctest */ = {isa = PBXFileReference; explicitFileType = wrapper.cfbundle; includeInIndex = 0; path = WeatherApp2023UITests.xctest; sourceTree = BUILT_PRODUCTS_DIR; };
		7693998D29C4539100DF19EB /* WeatherApp2023UITests.swift */ = {isa = PBXFileReference; lastKnownFileType = sourcecode.swift; path = WeatherApp2023UITests.swift; sourceTree = "<group>"; };
		7693998F29C4539100DF19EB /* WeatherApp2023UITestsLaunchTests.swift */ = {isa = PBXFileReference; lastKnownFileType = sourcecode.swift; path = WeatherApp2023UITestsLaunchTests.swift; sourceTree = "<group>"; };
/* End PBXFileReference section */

/* Begin PBXFrameworksBuildPhase section */
		7693996C29C4538D00DF19EB /* Frameworks */ = {
			isa = PBXFrameworksBuildPhase;
			buildActionMask = 2147483647;
			files = (
			);
			runOnlyForDeploymentPostprocessing = 0;
		};
		7693997C29C4539100DF19EB /* Frameworks */ = {
			isa = PBXFrameworksBuildPhase;
			buildActionMask = 2147483647;
			files = (
			);
			runOnlyForDeploymentPostprocessing = 0;
		};
		7693998629C4539100DF19EB /* Frameworks */ = {
			isa = PBXFrameworksBuildPhase;
			buildActionMask = 2147483647;
			files = (
			);
			runOnlyForDeploymentPostprocessing = 0;
		};
/* End PBXFrameworksBuildPhase section */

/* Begin PBXGroup section */
		7693996629C4538D00DF19EB = {
			isa = PBXGroup;
			children = (
				7693997129C4538D00DF19EB /* WeatherApp2023 */,
				7693998229C4539100DF19EB /* WeatherApp2023Tests */,
				7693998C29C4539100DF19EB /* WeatherApp2023UITests */,
				7693997029C4538D00DF19EB /* Products */,
			);
			sourceTree = "<group>";
		};
		7693997029C4538D00DF19EB /* Products */ = {
			isa = PBXGroup;
			children = (
				7693996F29C4538D00DF19EB /* WeatherApp2023.app */,
				7693997F29C4539100DF19EB /* WeatherApp2023Tests.xctest */,
				7693998929C4539100DF19EB /* WeatherApp2023UITests.xctest */,
			);
			name = Products;
			sourceTree = "<group>";
		};
		7693997129C4538D00DF19EB /* WeatherApp2023 */ = {
			isa = PBXGroup;
			children = (
				7693997229C4538D00DF19EB /* WeatherApp2023App.swift */,
				7693997429C4538D00DF19EB /* ContentView.swift */,
				7693997629C4539000DF19EB /* Assets.xcassets */,
				7693997829C4539000DF19EB /* Preview Content */,
			);
			path = WeatherApp2023;
			sourceTree = "<group>";
		};
		7693997829C4539000DF19EB /* Preview Content */ = {
			isa = PBXGroup;
			children = (
				7693997929C4539000DF19EB /* Preview Assets.xcassets */,
			);
			path = "Preview Content";
			sourceTree = "<group>";
		};
		7693998229C4539100DF19EB /* WeatherApp2023Tests */ = {
			isa = PBXGroup;
			children = (
				7693998329C4539100DF19EB /* WeatherApp2023Tests.swift */,
			);
			path = WeatherApp2023Tests;
			sourceTree = "<group>";
		};
		7693998C29C4539100DF19EB /* WeatherApp2023UITests */ = {
			isa = PBXGroup;
			children = (
				7693998D29C4539100DF19EB /* WeatherApp2023UITests.swift */,
				7693998F29C4539100DF19EB /* WeatherApp2023UITestsLaunchTests.swift */,
			);
			path = WeatherApp2023UITests;
			sourceTree = "<group>";
		};
/* End PBXGroup section */

/* Begin PBXNativeTarget section */
		7693996E29C4538D00DF19EB /* WeatherApp2023 */ = {
			isa = PBXNativeTarget;
			buildConfigurationList = 7693999329C4539100DF19EB /* Build configuration list for PBXNativeTarget "WeatherApp2023" */;
			buildPhases = (
				7693996B29C4538D00DF19EB /* Sources */,
				7693996C29C4538D00DF19EB /* Frameworks */,
				7693996D29C4538D00DF19EB /* Resources */,
			);
			buildRules = (
			);
			dependencies = (
			);
			name = WeatherApp2023;
			productName = WeatherApp2023;
			productReference = 7693996F29C4538D00DF19EB /* WeatherApp2023.app */;
			productType = "com.apple.product-type.application";
		};
		7693997E29C4539100DF19EB /* WeatherApp2023Tests */ = {
			isa = PBXNativeTarget;
			buildConfigurationList = 7693999629C4539100DF19EB /* Build configuration list for PBXNativeTarget "WeatherApp2023Tests" */;
			buildPhases = (
				7693997B29C4539100DF19EB /* Sources */,
				7693997C29C4539100DF19EB /* Frameworks */,
				7693997D29C4539100DF19EB /* Resources */,
			);
			buildRules = (
			);
			dependencies = (
				7693998129C4539100DF19EB /* PBXTargetDependency */,
			);
			name = WeatherApp2023Tests;
			productName = WeatherApp2023Tests;
			productReference = 7693997F29C4539100DF19EB /* WeatherApp2023Tests.xctest */;
			productType = "com.apple.product-type.bundle.unit-test";
		};
		7693998829C4539100DF19EB /* WeatherApp2023UITests */ = {
			isa = PBXNativeTarget;
			buildConfigurationList = 7693999929C4539100DF19EB /* Build configuration list for PBXNativeTarget "WeatherApp2023UITests" */;
			buildPhases = (
				7693998529C4539100DF19EB /* Sources */,
				7693998629C4539100DF19EB /* Frameworks */,
				7693998729C4539100DF19EB /* Resources */,
			);
			buildRules = (
			);
			dependencies = (
				7693998B29C4539100DF19EB /* PBXTargetDependency */,
			);
			name = WeatherApp2023UITests;
			productName = WeatherApp2023UITests;
			productReference = 7693998929C4539100DF19EB /* WeatherApp2023UITests.xctest */;
			productType = "com.apple.product-type.bundle.ui-testing";
		};
/* End PBXNativeTarget section */

/* Begin PBXProject section */
		7693996729C4538D00DF19EB /* Project object */ = {
			isa = PBXProject;
			attributes = {
				BuildIndependentTargetsInParallel = 1;
				LastSwiftUpdateCheck = 1320;
				LastUpgradeCheck = 1320;
				TargetAttributes = {
					7693996E29C4538D00DF19EB = {
						CreatedOnToolsVersion = 13.2.1;
					};
					7693997E29C4539100DF19EB = {
						CreatedOnToolsVersion = 13.2.1;
						TestTargetID = 7693996E29C4538D00DF19EB;
					};
					7693998829C4539100DF19EB = {
						CreatedOnToolsVersion = 13.2.1;
						TestTargetID = 7693996E29C4538D00DF19EB;
					};
				};
			};
			buildConfigurationList = 7693996A29C4538D00DF19EB /* Build configuration list for PBXProject "WeatherApp2023" */;
			compatibilityVersion = "Xcode 13.0";
			developmentRegion = en;
			hasScannedForEncodings = 0;
			knownRegions = (
				en,
				Base,
			);
			mainGroup = 7693996629C4538D00DF19EB;
			productRefGroup = 7693997029C4538D00DF19EB /* Products */;
			projectDirPath = "";
			projectRoot = "";
			targets = (
				7693996E29C4538D00DF19EB /* WeatherApp2023 */,
				7693997E29C4539100DF19EB /* WeatherApp2023Tests */,
				7693998829C4539100DF19EB /* WeatherApp2023UITests */,
			);
		};
/* End PBXProject section */

/* Begin PBXResourcesBuildPhase section */
		7693996D29C4538D00DF19EB /* Resources */ = {
			isa = PBXResourcesBuildPhase;
			buildActionMask = 2147483647;
			files = (
				7693997A29C4539000DF19EB /* Preview Assets.xcassets in Resources */,
				7693997729C4539000DF19EB /* Assets.xcassets in Resources */,
			);
			runOnlyForDeploymentPostprocessing = 0;
		};
		7693997D29C4539100DF19EB /* Resources */ = {
			isa = PBXResourcesBuildPhase;
			buildActionMask = 2147483647;
			files = (
			);
			runOnlyForDeploymentPostprocessing = 0;
		};
		7693998729C4539100DF19EB /* Resources */ = {
			isa = PBXResourcesBuildPhase;
			buildActionMask = 2147483647;
			files = (
			);
			runOnlyForDeploymentPostprocessing = 0;
		};
/* End PBXResourcesBuildPhase section */

/* Begin PBXSourcesBuildPhase section */
		7693996B29C4538D00DF19EB /* Sources */ = {
			isa = PBXSourcesBuildPhase;
			buildActionMask = 2147483647;
			files = (
				7693997529C4538D00DF19EB /* ContentView.swift in Sources */,
				7693997329C4538D00DF19EB /* WeatherApp2023App.swift in Sources */,
			);
			runOnlyForDeploymentPostprocessing = 0;
		};
		7693997B29C4539100DF19EB /* Sources */ = {
			isa = PBXSourcesBuildPhase;
			buildActionMask = 2147483647;
			files = (
				7693998429C4539100DF19EB /* WeatherApp2023Tests.swift in Sources */,
			);
			runOnlyForDeploymentPostprocessing = 0;
		};
		7693998529C4539100DF19EB /* Sources */ = {
			isa = PBXSourcesBuildPhase;
			buildActionMask = 2147483647;
			files = (
				7693999029C4539100DF19EB /* WeatherApp2023UITestsLaunchTests.swift in Sources */,
				7693998E29C4539100DF19EB /* WeatherApp2023UITests.swift in Sources */,
			);
			runOnlyForDeploymentPostprocessing = 0;
		};
/* End PBXSourcesBuildPhase section */

/* Begin PBXTargetDependency section */
		7693998129C4539100DF19EB /* PBXTargetDependency */ = {
			isa = PBXTargetDependency;
			target = 7693996E29C4538D00DF19EB /* WeatherApp2023 */;
			targetProxy = 7693998029C4539100DF19EB /* PBXContainerItemProxy */;
		};
		7693998B29C4539100DF19EB /* PBXTargetDependency */ = {
			isa = PBXTargetDependency;
			target = 7693996E29C4538D00DF19EB /* WeatherApp2023 */;
			targetProxy = 7693998A29C4539100DF19EB /* PBXContainerItemProxy */;
		};
/* End PBXTargetDependency section */

/* Begin XCBuildConfiguration section */
		7693999129C4539100DF19EB /* Debug */ = {
			isa = XCBuildConfiguration;
			buildSettings = {
				ALWAYS_SEARCH_USER_PATHS = NO;
				CLANG_ANALYZER_NONNULL = YES;
				CLANG_ANALYZER_NUMBER_OBJECT_CONVERSION = YES_AGGRESSIVE;
				CLANG_CXX_LANGUAGE_STANDARD = "gnu++17";
				CLANG_CXX_LIBRARY = "libc++";
				CLANG_ENABLE_MODULES = YES;
				CLANG_ENABLE_OBJC_ARC = YES;
				CLANG_ENABLE_OBJC_WEAK = YES;
				CLANG_WARN_BLOCK_CAPTURE_AUTORELEASING = YES;
				CLANG_WARN_BOOL_CONVERSION = YES;
				CLANG_WARN_COMMA = YES;
				CLANG_WARN_CONSTANT_CONVERSION = YES;
				CLANG_WARN_DEPRECATED_OBJC_IMPLEMENTATIONS = YES;
				CLANG_WARN_DIRECT_OBJC_ISA_USAGE = YES_ERROR;
				CLANG_WARN_DOCUMENTATION_COMMENTS = YES;
				CLANG_WARN_EMPTY_BODY = YES;
				CLANG_WARN_ENUM_CONVERSION = YES;
				CLANG_WARN_INFINITE_RECURSION = YES;
				CLANG_WARN_INT_CONVERSION = YES;
				CLANG_WARN_NON_LITERAL_NULL_CONVERSION = YES;
				CLANG_WARN_OBJC_IMPLICIT_RETAIN_SELF = YES;
				CLANG_WARN_OBJC_LITERAL_CONVERSION = YES;
				CLANG_WARN_OBJC_ROOT_CLASS = YES_ERROR;
				CLANG_WARN_QUOTED_INCLUDE_IN_FRAMEWORK_HEADER = YES;
				CLANG_WARN_RANGE_LOOP_ANALYSIS = YES;
				CLANG_WARN_STRICT_PROTOTYPES = YES;
				CLANG_WARN_SUSPICIOUS_MOVE = YES;
				CLANG_WARN_UNGUARDED_AVAILABILITY = YES_AGGRESSIVE;
				CLANG_WARN_UNREACHABLE_CODE = YES;
				CLANG_WARN__DUPLICATE_METHOD_MATCH = YES;
				COPY_PHASE_STRIP = NO;
				DEBUG_INFORMATION_FORMAT = dwarf;
				ENABLE_STRICT_OBJC_MSGSEND = YES;
				ENABLE_TESTABILITY = YES;
				GCC_C_LANGUAGE_STANDARD = gnu11;
				GCC_DYNAMIC_NO_PIC = NO;
				GCC_NO_COMMON_BLOCKS = YES;
				GCC_OPTIMIZATION_LEVEL = 0;
				GCC_PREPROCESSOR_DEFINITIONS = (
					"DEBUG=1",
					"$(inherited)",
				);
				GCC_WARN_64_TO_32_BIT_CONVERSION = YES;
				GCC_WARN_ABOUT_RETURN_TYPE = YES_ERROR;
				GCC_WARN_UNDECLARED_SELECTOR = YES;
				GCC_WARN_UNINITIALIZED_AUTOS = YES_AGGRESSIVE;
				GCC_WARN_UNUSED_FUNCTION = YES;
				GCC_WARN_UNUSED_VARIABLE = YES;
				IPHONEOS_DEPLOYMENT_TARGET = 15.2;
				MTL_ENABLE_DEBUG_INFO = INCLUDE_SOURCE;
				MTL_FAST_MATH = YES;
				ONLY_ACTIVE_ARCH = YES;
				SDKROOT = iphoneos;
				SWIFT_ACTIVE_COMPILATION_CONDITIONS = DEBUG;
				SWIFT_OPTIMIZATION_LEVEL = "-Onone";
			};
			name = Debug;
		};
		7693999229C4539100DF19EB /* Release */ = {
			isa = XCBuildConfiguration;
			buildSettings = {
				ALWAYS_SEARCH_USER_PATHS = NO;
				CLANG_ANALYZER_NONNULL = YES;
				CLANG_ANALYZER_NUMBER_OBJECT_CONVERSION = YES_AGGRESSIVE;
				CLANG_CXX_LANGUAGE_STANDARD = "gnu++17";
				CLANG_CXX_LIBRARY = "libc++";
				CLANG_ENABLE_MODULES = YES;
				CLANG_ENABLE_OBJC_ARC = YES;
				CLANG_ENABLE_OBJC_WEAK = YES;
				CLANG_WARN_BLOCK_CAPTURE_AUTORELEASING = YES;
				CLANG_WARN_BOOL_CONVERSION = YES;
				CLANG_WARN_COMMA = YES;
				CLANG_WARN_CONSTANT_CONVERSION = YES;
				CLANG_WARN_DEPRECATED_OBJC_IMPLEMENTATIONS = YES;
				CLANG_WARN_DIRECT_OBJC_ISA_USAGE = YES_ERROR;
				CLANG_WARN_DOCUMENTATION_COMMENTS = YES;
				CLANG_WARN_EMPTY_BODY = YES;
				CLANG_WARN_ENUM_CONVERSION = YES;
				CLANG_WARN_INFINITE_RECURSION = YES;
				CLANG_WARN_INT_CONVERSION = YES;
				CLANG_WARN_NON_LITERAL_NULL_CONVERSION = YES;
				CLANG_WARN_OBJC_IMPLICIT_RETAIN_SELF = YES;
				CLANG_WARN_OBJC_LITERAL_CONVERSION = YES;
				CLANG_WARN_OBJC_ROOT_CLASS = YES_ERROR;
				CLANG_WARN_QUOTED_INCLUDE_IN_FRAMEWORK_HEADER = YES;
				CLANG_WARN_RANGE_LOOP_ANALYSIS = YES;
				CLANG_WARN_STRICT_PROTOTYPES = YES;
				CLANG_WARN_SUSPICIOUS_MOVE = YES;
				CLANG_WARN_UNGUARDED_AVAILABILITY = YES_AGGRESSIVE;
				CLANG_WARN_UNREACHABLE_CODE = YES;
				CLANG_WARN__DUPLICATE_METHOD_MATCH = YES;
				COPY_PHASE_STRIP = NO;
				DEBUG_INFORMATION_FORMAT = "dwarf-with-dsym";
				ENABLE_NS_ASSERTIONS = NO;
				ENABLE_STRICT_OBJC_MSGSEND = YES;
				GCC_C_LANGUAGE_STANDARD = gnu11;
				GCC_NO_COMMON_BLOCKS = YES;
				GCC_WARN_64_TO_32_BIT_CONVERSION = YES;
				GCC_WARN_ABOUT_RETURN_TYPE = YES_ERROR;
				GCC_WARN_UNDECLARED_SELECTOR = YES;
				GCC_WARN_UNINITIALIZED_AUTOS = YES_AGGRESSIVE;
				GCC_WARN_UNUSED_FUNCTION = YES;
				GCC_WARN_UNUSED_VARIABLE = YES;
				IPHONEOS_DEPLOYMENT_TARGET = 15.2;
				MTL_ENABLE_DEBUG_INFO = NO;
				MTL_FAST_MATH = YES;
				SDKROOT = iphoneos;
				SWIFT_COMPILATION_MODE = wholemodule;
				SWIFT_OPTIMIZATION_LEVEL = "-O";
				VALIDATE_PRODUCT = YES;
			};
			name = Release;
		};
		7693999429C4539100DF19EB /* Debug */ = {
			isa = XCBuildConfiguration;
			buildSettings = {
				ASSETCATALOG_COMPILER_APPICON_NAME = AppIcon;
				ASSETCATALOG_COMPILER_GLOBAL_ACCENT_COLOR_NAME = AccentColor;
				CODE_SIGN_STYLE = Automatic;
				CURRENT_PROJECT_VERSION = 1;
				DEVELOPMENT_ASSET_PATHS = "\"WeatherApp2023/Preview Content\"";
				DEVELOPMENT_TEAM = WCUS52JJ8S;
				ENABLE_PREVIEWS = YES;
				GENERATE_INFOPLIST_FILE = YES;
				INFOPLIST_KEY_UIApplicationSceneManifest_Generation = YES;
				INFOPLIST_KEY_UIApplicationSupportsIndirectInputEvents = YES;
				INFOPLIST_KEY_UILaunchScreen_Generation = YES;
				INFOPLIST_KEY_UISupportedInterfaceOrientations_iPad = "UIInterfaceOrientationPortrait UIInterfaceOrientationPortraitUpsideDown UIInterfaceOrientationLandscapeLeft UIInterfaceOrientationLandscapeRight";
				INFOPLIST_KEY_UISupportedInterfaceOrientations_iPhone = "UIInterfaceOrientationPortrait UIInterfaceOrientationLandscapeLeft UIInterfaceOrientationLandscapeRight";
				LD_RUNPATH_SEARCH_PATHS = (
					"$(inherited)",
					"@executable_path/Frameworks",
				);
				MARKETING_VERSION = 1.0;
				PRODUCT_BUNDLE_IDENTIFIER = thy.nguyen.WeatherApp2023;
				PRODUCT_NAME = "$(TARGET_NAME)";
				SWIFT_EMIT_LOC_STRINGS = YES;
				SWIFT_VERSION = 5.0;
				TARGETED_DEVICE_FAMILY = "1,2";
			};
			name = Debug;
		};
		7693999529C4539100DF19EB /* Release */ = {
			isa = XCBuildConfiguration;
			buildSettings = {
				ASSETCATALOG_COMPILER_APPICON_NAME = AppIcon;
				ASSETCATALOG_COMPILER_GLOBAL_ACCENT_COLOR_NAME = AccentColor;
				CODE_SIGN_STYLE = Automatic;
				CURRENT_PROJECT_VERSION = 1;
				DEVELOPMENT_ASSET_PATHS = "\"WeatherApp2023/Preview Content\"";
				DEVELOPMENT_TEAM = WCUS52JJ8S;
				ENABLE_PREVIEWS = YES;
				GENERATE_INFOPLIST_FILE = YES;
				INFOPLIST_KEY_UIApplicationSceneManifest_Generation = YES;
				INFOPLIST_KEY_UIApplicationSupportsIndirectInputEvents = YES;
				INFOPLIST_KEY_UILaunchScreen_Generation = YES;
				INFOPLIST_KEY_UISupportedInterfaceOrientations_iPad = "UIInterfaceOrientationPortrait UIInterfaceOrientationPortraitUpsideDown UIInterfaceOrientationLandscapeLeft UIInterfaceOrientationLandscapeRight";
				INFOPLIST_KEY_UISupportedInterfaceOrientations_iPhone = "UIInterfaceOrientationPortrait UIInterfaceOrientationLandscapeLeft UIInterfaceOrientationLandscapeRight";
				LD_RUNPATH_SEARCH_PATHS = (
					"$(inherited)",
					"@executable_path/Frameworks",
				);
				MARKETING_VERSION = 1.0;
				PRODUCT_BUNDLE_IDENTIFIER = thy.nguyen.WeatherApp2023;
				PRODUCT_NAME = "$(TARGET_NAME)";
				SWIFT_EMIT_LOC_STRINGS = YES;
				SWIFT_VERSION = 5.0;
				TARGETED_DEVICE_FAMILY = "1,2";
			};
			name = Release;
		};
		7693999729C4539100DF19EB /* Debug */ = {
			isa = XCBuildConfiguration;
			buildSettings = {
				ALWAYS_EMBED_SWIFT_STANDARD_LIBRARIES = YES;
				BUNDLE_LOADER = "$(TEST_HOST)";
				CODE_SIGN_STYLE = Automatic;
				CURRENT_PROJECT_VERSION = 1;
				DEVELOPMENT_TEAM = WCUS52JJ8S;
				GENERATE_INFOPLIST_FILE = YES;
				IPHONEOS_DEPLOYMENT_TARGET = 15.2;
				MARKETING_VERSION = 1.0;
				PRODUCT_BUNDLE_IDENTIFIER = thy.nguyen.WeatherApp2023Tests;
				PRODUCT_NAME = "$(TARGET_NAME)";
				SWIFT_EMIT_LOC_STRINGS = NO;
				SWIFT_VERSION = 5.0;
				TARGETED_DEVICE_FAMILY = "1,2";
				TEST_HOST = "$(BUILT_PRODUCTS_DIR)/WeatherApp2023.app/WeatherApp2023";
			};
			name = Debug;
		};
		7693999829C4539100DF19EB /* Release */ = {
			isa = XCBuildConfiguration;
			buildSettings = {
				ALWAYS_EMBED_SWIFT_STANDARD_LIBRARIES = YES;
				BUNDLE_LOADER = "$(TEST_HOST)";
				CODE_SIGN_STYLE = Automatic;
				CURRENT_PROJECT_VERSION = 1;
				DEVELOPMENT_TEAM = WCUS52JJ8S;
				GENERATE_INFOPLIST_FILE = YES;
				IPHONEOS_DEPLOYMENT_TARGET = 15.2;
				MARKETING_VERSION = 1.0;
				PRODUCT_BUNDLE_IDENTIFIER = thy.nguyen.WeatherApp2023Tests;
				PRODUCT_NAME = "$(TARGET_NAME)";
				SWIFT_EMIT_LOC_STRINGS = NO;
				SWIFT_VERSION = 5.0;
				TARGETED_DEVICE_FAMILY = "1,2";
				TEST_HOST = "$(BUILT_PRODUCTS_DIR)/WeatherApp2023.app/WeatherApp2023";
			};
			name = Release;
		};
		7693999A29C4539100DF19EB /* Debug */ = {
			isa = XCBuildConfiguration;
			buildSettings = {
				ALWAYS_EMBED_SWIFT_STANDARD_LIBRARIES = YES;
				CODE_SIGN_STYLE = Automatic;
				CURRENT_PROJECT_VERSION = 1;
				DEVELOPMENT_TEAM = WCUS52JJ8S;
				GENERATE_INFOPLIST_FILE = YES;
				MARKETING_VERSION = 1.0;
				PRODUCT_BUNDLE_IDENTIFIER = thy.nguyen.WeatherApp2023UITests;
				PRODUCT_NAME = "$(TARGET_NAME)";
				SWIFT_EMIT_LOC_STRINGS = NO;
				SWIFT_VERSION = 5.0;
				TARGETED_DEVICE_FAMILY = "1,2";
				TEST_TARGET_NAME = WeatherApp2023;
			};
			name = Debug;
		};
		7693999B29C4539100DF19EB /* Release */ = {
			isa = XCBuildConfiguration;
			buildSettings = {
				ALWAYS_EMBED_SWIFT_STANDARD_LIBRARIES = YES;
				CODE_SIGN_STYLE = Automatic;
				CURRENT_PROJECT_VERSION = 1;
				DEVELOPMENT_TEAM = WCUS52JJ8S;
				GENERATE_INFOPLIST_FILE = YES;
				MARKETING_VERSION = 1.0;
				PRODUCT_BUNDLE_IDENTIFIER = thy.nguyen.WeatherApp2023UITests;
				PRODUCT_NAME = "$(TARGET_NAME)";
				SWIFT_EMIT_LOC_STRINGS = NO;
				SWIFT_VERSION = 5.0;
				TARGETED_DEVICE_FAMILY = "1,2";
				TEST_TARGET_NAME = WeatherApp2023;
			};
			name = Release;
		};
/* End XCBuildConfiguration section */

/* Begin XCConfigurationList section */
		7693996A29C4538D00DF19EB /* Build configuration list for PBXProject "WeatherApp2023" */ = {
			isa = XCConfigurationList;
			buildConfigurations = (
				7693999129C4539100DF19EB /* Debug */,
				7693999229C4539100DF19EB /* Release */,
			);
			defaultConfigurationIsVisible = 0;
			defaultConfigurationName = Release;
		};
		7693999329C4539100DF19EB /* Build configuration list for PBXNativeTarget "WeatherApp2023" */ = {
			isa = XCConfigurationList;
			buildConfigurations = (
				7693999429C4539100DF19EB /* Debug */,
				7693999529C4539100DF19EB /* Release */,
			);
			defaultConfigurationIsVisible = 0;
			defaultConfigurationName = Release;
		};
		7693999629C4539100DF19EB /* Build configuration list for PBXNativeTarget "WeatherApp2023Tests" */ = {
			isa = XCConfigurationList;
			buildConfigurations = (
				7693999729C4539100DF19EB /* Debug */,
				7693999829C4539100DF19EB /* Release */,
			);
			defaultConfigurationIsVisible = 0;
			defaultConfigurationName = Release;
		};
		7693999929C4539100DF19EB /* Build configuration list for PBXNativeTarget "WeatherApp2023UITests" */ = {
			isa = XCConfigurationList;
			buildConfigurations = (
				7693999A29C4539100DF19EB /* Debug */,
				7693999B29C4539100DF19EB /* Release */,
			);
			defaultConfigurationIsVisible = 0;
			defaultConfigurationName = Release;
		};
/* End XCConfigurationList section */
	};
	rootObject = 7693996729C4538D00DF19EB /* Project object */;
}
